
Microsoft Visual Studio Solution File, Format Version 12.00
Project("{FAE04EC0-301F-11D3-BF4B-00C04F79EFBC}") = "UserService", "UserService\UserService.csproj", "{D831CDA1-84D3-40BE-A122-312FF76701B8}"
EndProject
Global
	GlobalSection(SolutionConfigurationPlatforms) = preSolution
		Debug|Any CPU = Debug|Any CPU
		Release|Any CPU = Release|Any CPU
	EndGlobalSection
	GlobalSection(ProjectConfigurationPlatforms) = postSolution
		{D831CDA1-84D3-40BE-A122-312FF76701B8}.Debug|Any CPU.ActiveCfg = Debug|Any CPU
		{D831CDA1-84D3-40BE-A122-312FF76701B8}.Debug|Any CPU.Build.0 = Debug|Any CPU
		{D831CDA1-84D3-40BE-A122-312FF76701B8}.Release|Any CPU.ActiveCfg = Release|Any CPU
		{D831CDA1-84D3-40BE-A122-312FF76701B8}.Release|Any CPU.Build.0 = Release|Any CPU
	EndGlobalSection
EndGlobal
